// !$*UTF8*$!
{
	archiveVersion = 1;
	classes = {
	};
	objectVersion = 50;
	objects = {

/* Begin PBXBuildFile section */
		78A81B822366EC2700ED22ED /* AppDelegate.swift in Sources */ = {isa = PBXBuildFile; fileRef = 78A81B812366EC2700ED22ED /* AppDelegate.swift */; };
		78A81B842366EC2700ED22ED /* SceneDelegate.swift in Sources */ = {isa = PBXBuildFile; fileRef = 78A81B832366EC2700ED22ED /* SceneDelegate.swift */; };
		78A81B8B2366EC2A00ED22ED /* Assets.xcassets in Resources */ = {isa = PBXBuildFile; fileRef = 78A81B8A2366EC2A00ED22ED /* Assets.xcassets */; };
		78A81B8E2366EC2A00ED22ED /* LaunchScreen.storyboard in Resources */ = {isa = PBXBuildFile; fileRef = 78A81B8C2366EC2A00ED22ED /* LaunchScreen.storyboard */; };
		78A81B9623670CFC00ED22ED /* SwipingController.swift in Sources */ = {isa = PBXBuildFile; fileRef = 78A81B9523670CFC00ED22ED /* SwipingController.swift */; };
		78A81B98236750B900ED22ED /* PageCell.swift in Sources */ = {isa = PBXBuildFile; fileRef = 78A81B97236750B900ED22ED /* PageCell.swift */; };
		78A81B9A23675EDE00ED22ED /* Page.swift in Sources */ = {isa = PBXBuildFile; fileRef = 78A81B9923675EDE00ED22ED /* Page.swift */; };
/* End PBXBuildFile section */

/* Begin PBXFileReference section */
		78A81B7E2366EC2700ED22ED /* AutoLayoutPlayground.app */ = {isa = PBXFileReference; explicitFileType = wrapper.application; includeInIndex = 0; path = AutoLayoutPlayground.app; sourceTree = BUILT_PRODUCTS_DIR; };
		78A81B812366EC2700ED22ED /* AppDelegate.swift */ = {isa = PBXFileReference; lastKnownFileType = sourcecode.swift; path = AppDelegate.swift; sourceTree = "<group>"; };
		78A81B832366EC2700ED22ED /* SceneDelegate.swift */ = {isa = PBXFileReference; lastKnownFileType = sourcecode.swift; path = SceneDelegate.swift; sourceTree = "<group>"; };
		78A81B8A2366EC2A00ED22ED /* Assets.xcassets */ = {isa = PBXFileReference; lastKnownFileType = folder.assetcatalog; path = Assets.xcassets; sourceTree = "<group>"; };
		78A81B8D2366EC2A00ED22ED /* Base */ = {isa = PBXFileReference; lastKnownFileType = file.storyboard; name = Base; path = Base.lproj/LaunchScreen.storyboard; sourceTree = "<group>"; };
		78A81B8F2366EC2A00ED22ED /* Info.plist */ = {isa = PBXFileReference; lastKnownFileType = text.plist.xml; path = Info.plist; sourceTree = "<group>"; };
		78A81B9523670CFC00ED22ED /* SwipingController.swift */ = {isa = PBXFileReference; lastKnownFileType = sourcecode.swift; path = SwipingController.swift; sourceTree = "<group>"; };
		78A81B97236750B900ED22ED /* PageCell.swift */ = {isa = PBXFileReference; lastKnownFileType = sourcecode.swift; path = PageCell.swift; sourceTree = "<group>"; };
		78A81B9923675EDE00ED22ED /* Page.swift */ = {isa = PBXFileReference; lastKnownFileType = sourcecode.swift; path = Page.swift; sourceTree = "<group>"; };
/* End PBXFileReference section */

/* Begin PBXFrameworksBuildPhase section */
		78A81B7B2366EC2700ED22ED /* Frameworks */ = {
			isa = PBXFrameworksBuildPhase;
			buildActionMask = 2147483647;
			files = (
			);
			runOnlyForDeploymentPostprocessing = 0;
		};
/* End PBXFrameworksBuildPhase section */

/* Begin PBXGroup section */
		78A81B752366EC2700ED22ED = {
			isa = PBXGroup;
			children = (
				78A81B802366EC2700ED22ED /* AutoLayoutPlayground */,
				78A81B7F2366EC2700ED22ED /* Products */,
			);
			sourceTree = "<group>";
		};
		78A81B7F2366EC2700ED22ED /* Products */ = {
			isa = PBXGroup;
			children = (
				78A81B7E2366EC2700ED22ED /* AutoLayoutPlayground.app */,
			);
			name = Products;
			sourceTree = "<group>";
		};
		78A81B802366EC2700ED22ED /* AutoLayoutPlayground */ = {
			isa = PBXGroup;
			children = (
				78A81B812366EC2700ED22ED /* AppDelegate.swift */,
				78A81B832366EC2700ED22ED /* SceneDelegate.swift */,
				78A81B8A2366EC2A00ED22ED /* Assets.xcassets */,
				78A81B8C2366EC2A00ED22ED /* LaunchScreen.storyboard */,
				78A81B8F2366EC2A00ED22ED /* Info.plist */,
				78A81B9523670CFC00ED22ED /* SwipingController.swift */,
				78A81B97236750B900ED22ED /* PageCell.swift */,
				78A81B9923675EDE00ED22ED /* Page.swift */,
			);
			path = AutoLayoutPlayground;
			sourceTree = "<group>";
		};
/* End PBXGroup section */

/* Begin PBXNativeTarget section */
		78A81B7D2366EC2700ED22ED /* AutoLayoutPlayground */ = {
			isa = PBXNativeTarget;
			buildConfigurationList = 78A81B922366EC2A00ED22ED /* Build configuration list for PBXNativeTarget "AutoLayoutPlayground" */;
			buildPhases = (
				78A81B7A2366EC2700ED22ED /* Sources */,
				78A81B7B2366EC2700ED22ED /* Frameworks */,
				78A81B7C2366EC2700ED22ED /* Resources */,
			);
			buildRules = (
			);
			dependencies = (
			);
			name = AutoLayoutPlayground;
			productName = AutoLayoutPlayground;
			productReference = 78A81B7E2366EC2700ED22ED /* AutoLayoutPlayground.app */;
			productType = "com.apple.product-type.application";
		};
/* End PBXNativeTarget section */

/* Begin PBXProject section */
		78A81B762366EC2700ED22ED /* Project object */ = {
			isa = PBXProject;
			attributes = {
				LastSwiftUpdateCheck = 1110;
				LastUpgradeCheck = 1110;
				ORGANIZATIONNAME = "Adrian Kremski";
				TargetAttributes = {
					78A81B7D2366EC2700ED22ED = {
						CreatedOnToolsVersion = 11.1;
					};
				};
			};
			buildConfigurationList = 78A81B792366EC2700ED22ED /* Build configuration list for PBXProject "AutoLayoutPlayground" */;
			compatibilityVersion = "Xcode 9.3";
			developmentRegion = en;
			hasScannedForEncodings = 0;
			knownRegions = (
				en,
				Base,
			);
			mainGroup = 78A81B752366EC2700ED22ED;
			productRefGroup = 78A81B7F2366EC2700ED22ED /* Products */;
			projectDirPath = "";
			projectRoot = "";
			targets = (
				78A81B7D2366EC2700ED22ED /* AutoLayoutPlayground */,
			);
		};
/* End PBXProject section */

/* Begin PBXResourcesBuildPhase section */
		78A81B7C2366EC2700ED22ED /* Resources */ = {
			isa = PBXResourcesBuildPhase;
			buildActionMask = 2147483647;
			files = (
				78A81B8E2366EC2A00ED22ED /* LaunchScreen.storyboard in Resources */,
				78A81B8B2366EC2A00ED22ED /* Assets.xcassets in Resources */,
			);
			runOnlyForDeploymentPostprocessing = 0;
		};
/* End PBXResourcesBuildPhase section */

/* Begin PBXSourcesBuildPhase section */
		78A81B7A2366EC2700ED22ED /* Sources */ = {
			isa = PBXSourcesBuildPhase;
			buildActionMask = 2147483647;
			files = (
				78A81B98236750B900ED22ED /* PageCell.swift in Sources */,
				78A81B9A23675EDE00ED22ED /* Page.swift in Sources */,
				78A81B822366EC2700ED22ED /* AppDelegate.swift in Sources */,
				78A81B842366EC2700ED22ED /* SceneDelegate.swift in Sources */,
				78A81B9623670CFC00ED22ED /* SwipingController.swift in Sources */,
			);
			runOnlyForDeploymentPostprocessing = 0;
		};
/* End PBXSourcesBuildPhase section */

/* Begin PBXVariantGroup section */
		78A81B8C2366EC2A00ED22ED /* LaunchScreen.storyboard */ = {
			isa = PBXVariantGroup;
			children = (
				78A81B8D2366EC2A00ED22ED /* Base */,
			);
			name = LaunchScreen.storyboard;
			sourceTree = "<group>";
		};
/* End PBXVariantGroup section */

/* Begin XCBuildConfiguration section */
		78A81B902366EC2A00ED22ED /* Debug */ = {
			isa = XCBuildConfiguration;
			buildSettings = {
				ALWAYS_SEARCH_USER_PATHS = NO;
				CLANG_ANALYZER_NONNULL = YES;
				CLANG_ANALYZER_NUMBER_OBJECT_CONVERSION = YES_AGGRESSIVE;
				CLANG_CXX_LANGUAGE_STANDARD = "gnu++14";
				CLANG_CXX_LIBRARY = "libc++";
				CLANG_ENABLE_MODULES = YES;
				CLANG_ENABLE_OBJC_ARC = YES;
				CLANG_ENABLE_OBJC_WEAK = YES;
				CLANG_WARN_BLOCK_CAPTURE_AUTORELEASING = YES;
				CLANG_WARN_BOOL_CONVERSION = YES;
				CLANG_WARN_COMMA = YES;
				CLANG_WARN_CONSTANT_CONVERSION = YES;
				CLANG_WARN_DEPRECATED_OBJC_IMPLEMENTATIONS = YES;
				CLANG_WARN_DIRECT_OBJC_ISA_USAGE = YES_ERROR;
				CLANG_WARN_DOCUMENTATION_COMMENTS = YES;
				CLANG_WARN_EMPTY_BODY = YES;
				CLANG_WARN_ENUM_CONVERSION = YES;
				CLANG_WARN_INFINITE_RECURSION = YES;
				CLANG_WARN_INT_CONVERSION = YES;
				CLANG_WARN_NON_LITERAL_NULL_CONVERSION = YES;
				CLANG_WARN_OBJC_IMPLICIT_RETAIN_SELF = YES;
				CLANG_WARN_OBJC_LITERAL_CONVERSION = YES;
				CLANG_WARN_OBJC_ROOT_CLASS = YES_ERROR;
				CLANG_WARN_RANGE_LOOP_ANALYSIS = YES;
				CLANG_WARN_STRICT_PROTOTYPES = YES;
				CLANG_WARN_SUSPICIOUS_MOVE = YES;
				CLANG_WARN_UNGUARDED_AVAILABILITY = YES_AGGRESSIVE;
				CLANG_WARN_UNREACHABLE_CODE = YES;
				CLANG_WARN__DUPLICATE_METHOD_MATCH = YES;
				COPY_PHASE_STRIP = NO;
				DEBUG_INFORMATION_FORMAT = dwarf;
				ENABLE_STRICT_OBJC_MSGSEND = YES;
				ENABLE_TESTABILITY = YES;
				GCC_C_LANGUAGE_STANDARD = gnu11;
				GCC_DYNAMIC_NO_PIC = NO;
				GCC_NO_COMMON_BLOCKS = YES;
				GCC_OPTIMIZATION_LEVEL = 0;
				GCC_PREPROCESSOR_DEFINITIONS = (
					"DEBUG=1",
					"$(inherited)",
				);
				GCC_WARN_64_TO_32_BIT_CONVERSION = YES;
				GCC_WARN_ABOUT_RETURN_TYPE = YES_ERROR;
				GCC_WARN_UNDECLARED_SELECTOR = YES;
				GCC_WARN_UNINITIALIZED_AUTOS = YES_AGGRESSIVE;
				GCC_WARN_UNUSED_FUNCTION = YES;
				GCC_WARN_UNUSED_VARIABLE = YES;
				IPHONEOS_DEPLOYMENT_TARGET = 13.1;
				MTL_ENABLE_DEBUG_INFO = INCLUDE_SOURCE;
				MTL_FAST_MATH = YES;
				ONLY_ACTIVE_ARCH = YES;
				SDKROOT = iphoneos;
				SWIFT_ACTIVE_COMPILATION_CONDITIONS = DEBUG;
				SWIFT_OPTIMIZATION_LEVEL = "-Onone";
			};
			name = Debug;
		};
		78A81B912366EC2A00ED22ED /* Release */ = {
			isa = XCBuildConfiguration;
			buildSettings = {
				ALWAYS_SEARCH_USER_PATHS = NO;
				CLANG_ANALYZER_NONNULL = YES;
				CLANG_ANALYZER_NUMBER_OBJECT_CONVERSION = YES_AGGRESSIVE;
				CLANG_CXX_LANGUAGE_STANDARD = "gnu++14";
				CLANG_CXX_LIBRARY = "libc++";
				CLANG_ENABLE_MODULES = YES;
				CLANG_ENABLE_OBJC_ARC = YES;
				CLANG_ENABLE_OBJC_WEAK = YES;
				CLANG_WARN_BLOCK_CAPTURE_AUTORELEASING = YES;
				CLANG_WARN_BOOL_CONVERSION = YES;
				CLANG_WARN_COMMA = YES;
				CLANG_WARN_CONSTANT_CONVERSION = YES;
				CLANG_WARN_DEPRECATED_OBJC_IMPLEMENTATIONS = YES;
				CLANG_WARN_DIRECT_OBJC_ISA_USAGE = YES_ERROR;
				CLANG_WARN_DOCUMENTATION_COMMENTS = YES;
				CLANG_WARN_EMPTY_BODY = YES;
				CLANG_WARN_ENUM_CONVERSION = YES;
				CLANG_WARN_INFINITE_RECURSION = YES;
				CLANG_WARN_INT_CONVERSION = YES;
				CLANG_WARN_NON_LITERAL_NULL_CONVERSION = YES;
				CLANG_WARN_OBJC_IMPLICIT_RETAIN_SELF = YES;
				CLANG_WARN_OBJC_LITERAL_CONVERSION = YES;
				CLANG_WARN_OBJC_ROOT_CLASS = YES_ERROR;
				CLANG_WARN_RANGE_LOOP_ANALYSIS = YES;
				CLANG_WARN_STRICT_PROTOTYPES = YES;
				CLANG_WARN_SUSPICIOUS_MOVE = YES;
				CLANG_WARN_UNGUARDED_AVAILABILITY = YES_AGGRESSIVE;
				CLANG_WARN_UNREACHABLE_CODE = YES;
				CLANG_WARN__DUPLICATE_METHOD_MATCH = YES;
				COPY_PHASE_STRIP = NO;
				DEBUG_INFORMATION_FORMAT = "dwarf-with-dsym";
				ENABLE_NS_ASSERTIONS = NO;
				ENABLE_STRICT_OBJC_MSGSEND = YES;
				GCC_C_LANGUAGE_STANDARD = gnu11;
				GCC_NO_COMMON_BLOCKS = YES;
				GCC_WARN_64_TO_32_BIT_CONVERSION = YES;
				GCC_WARN_ABOUT_RETURN_TYPE = YES_ERROR;
				GCC_WARN_UNDECLARED_SELECTOR = YES;
				GCC_WARN_UNINITIALIZED_AUTOS = YES_AGGRESSIVE;
				GCC_WARN_UNUSED_FUNCTION = YES;
				GCC_WARN_UNUSED_VARIABLE = YES;
				IPHONEOS_DEPLOYMENT_TARGET = 13.1;
				MTL_ENABLE_DEBUG_INFO = NO;
				MTL_FAST_MATH = YES;
				SDKROOT = iphoneos;
				SWIFT_COMPILATION_MODE = wholemodule;
				SWIFT_OPTIMIZATION_LEVEL = "-O";
				VALIDATE_PRODUCT = YES;
			};
			name = Release;
		};
		78A81B932366EC2A00ED22ED /* Debug */ = {
			isa = XCBuildConfiguration;
			buildSettings = {
				ASSETCATALOG_COMPILER_APPICON_NAME = AppIcon;
				CODE_SIGN_STYLE = Automatic;
				INFOPLIST_FILE = AutoLayoutPlayground/Info.plist;
				LD_RUNPATH_SEARCH_PATHS = (
					"$(inherited)",
					"@executable_path/Frameworks",
				);
				PRODUCT_BUNDLE_IDENTIFIER = com.github.snuffix.AutoLayoutPlayground;
				PRODUCT_NAME = "$(TARGET_NAME)";
				SWIFT_VERSION = 5.0;
				TARGETED_DEVICE_FAMILY = "1,2";
			};
			name = Debug;
		};
		78A81B942366EC2A00ED22ED /* Release */ = {
			isa = XCBuildConfiguration;
			buildSettings = {
				ASSETCATALOG_COMPILER_APPICON_NAME = AppIcon;
				CODE_SIGN_STYLE = Automatic;
				INFOPLIST_FILE = AutoLayoutPlayground/Info.plist;
				LD_RUNPATH_SEARCH_PATHS = (
					"$(inherited)",
					"@executable_path/Frameworks",
				);
				PRODUCT_BUNDLE_IDENTIFIER = com.github.snuffix.AutoLayoutPlayground;
				PRODUCT_NAME = "$(TARGET_NAME)";
				SWIFT_VERSION = 5.0;
				TARGETED_DEVICE_FAMILY = "1,2";
			};
			name = Release;
		};
/* End XCBuildConfiguration section */

/* Begin XCConfigurationList section */
		78A81B792366EC2700ED22ED /* Build configuration list for PBXProject "AutoLayoutPlayground" */ = {
			isa = XCConfigurationList;
			buildConfigurations = (
				78A81B902366EC2A00ED22ED /* Debug */,
				78A81B912366EC2A00ED22ED /* Release */,
			);
			defaultConfigurationIsVisible = 0;
			defaultConfigurationName = Release;
		};
		78A81B922366EC2A00ED22ED /* Build configuration list for PBXNativeTarget "AutoLayoutPlayground" */ = {
			isa = XCConfigurationList;
			buildConfigurations = (
				78A81B932366EC2A00ED22ED /* Debug */,
				78A81B942366EC2A00ED22ED /* Release */,
			);
			defaultConfigurationIsVisible = 0;
			defaultConfigurationName = Release;
		};
/* End XCConfigurationList section */
	};
	rootObject = 78A81B762366EC2700ED22ED /* Project object */;
}
